// !$*UTF8*$!
{
	archiveVersion = 1;
	classes = {
	};
	objectVersion = 46;
	objects = {

/* Begin PBXBuildFile section */
		3DA6979C1FEBACED0016DE1E /* AppDelegate.swift in Sources */ = {isa = PBXBuildFile; fileRef = 3DA6979B1FEBACED0016DE1E /* AppDelegate.swift */; };
		3DA6979E1FEBACED0016DE1E /* ViewController.swift in Sources */ = {isa = PBXBuildFile; fileRef = 3DA6979D1FEBACED0016DE1E /* ViewController.swift */; };
		3DA697A11FEBACED0016DE1E /* Main.storyboard in Resources */ = {isa = PBXBuildFile; fileRef = 3DA6979F1FEBACED0016DE1E /* Main.storyboard */; };
		3DA697A31FEBACED0016DE1E /* Assets.xcassets in Resources */ = {isa = PBXBuildFile; fileRef = 3DA697A21FEBACED0016DE1E /* Assets.xcassets */; };
		3DA697A61FEBACED0016DE1E /* LaunchScreen.storyboard in Resources */ = {isa = PBXBuildFile; fileRef = 3DA697A41FEBACED0016DE1E /* LaunchScreen.storyboard */; };
		3DDADFE11FEBC7250074EEAB /* CoreLocation.framework in Frameworks */ = {isa = PBXBuildFile; fileRef = 3DDADFE01FEBC7250074EEAB /* CoreLocation.framework */; };
		642158D79BC0053B3486D3DE /* Pods_Task.framework in Frameworks */ = {isa = PBXBuildFile; fileRef = FB090E90E20BC0E3C4122020 /* Pods_Task.framework */; };
/* End PBXBuildFile section */

/* Begin PBXFileReference section */
		3DA697981FEBACED0016DE1E /* Task.app */ = {isa = PBXFileReference; explicitFileType = wrapper.application; includeInIndex = 0; path = Task.app; sourceTree = BUILT_PRODUCTS_DIR; };
		3DA6979B1FEBACED0016DE1E /* AppDelegate.swift */ = {isa = PBXFileReference; lastKnownFileType = sourcecode.swift; path = AppDelegate.swift; sourceTree = "<group>"; };
		3DA6979D1FEBACED0016DE1E /* ViewController.swift */ = {isa = PBXFileReference; lastKnownFileType = sourcecode.swift; path = ViewController.swift; sourceTree = "<group>"; };
		3DA697A01FEBACED0016DE1E /* Base */ = {isa = PBXFileReference; lastKnownFileType = file.storyboard; name = Base; path = Base.lproj/Main.storyboard; sourceTree = "<group>"; };
		3DA697A21FEBACED0016DE1E /* Assets.xcassets */ = {isa = PBXFileReference; lastKnownFileType = folder.assetcatalog; path = Assets.xcassets; sourceTree = "<group>"; };
		3DA697A51FEBACED0016DE1E /* Base */ = {isa = PBXFileReference; lastKnownFileType = file.storyboard; name = Base; path = Base.lproj/LaunchScreen.storyboard; sourceTree = "<group>"; };
		3DA697A71FEBACED0016DE1E /* Info.plist */ = {isa = PBXFileReference; lastKnownFileType = text.plist.xml; path = Info.plist; sourceTree = "<group>"; };
		3DDADFE01FEBC7250074EEAB /* CoreLocation.framework */ = {isa = PBXFileReference; lastKnownFileType = wrapper.framework; name = CoreLocation.framework; path = System/Library/Frameworks/CoreLocation.framework; sourceTree = SDKROOT; };
		5DB8511DC4A900235E03B715 /* Pods-Task.debug.xcconfig */ = {isa = PBXFileReference; includeInIndex = 1; lastKnownFileType = text.xcconfig; name = "Pods-Task.debug.xcconfig"; path = "Pods/Target Support Files/Pods-Task/Pods-Task.debug.xcconfig"; sourceTree = "<group>"; };
		DD75757D2F6C242125B2E808 /* Pods-Task.release.xcconfig */ = {isa = PBXFileReference; includeInIndex = 1; lastKnownFileType = text.xcconfig; name = "Pods-Task.release.xcconfig"; path = "Pods/Target Support Files/Pods-Task/Pods-Task.release.xcconfig"; sourceTree = "<group>"; };
		FB090E90E20BC0E3C4122020 /* Pods_Task.framework */ = {isa = PBXFileReference; explicitFileType = wrapper.framework; includeInIndex = 0; path = Pods_Task.framework; sourceTree = BUILT_PRODUCTS_DIR; };
/* End PBXFileReference section */

/* Begin PBXFrameworksBuildPhase section */
		3DA697951FEBACED0016DE1E /* Frameworks */ = {
			isa = PBXFrameworksBuildPhase;
			buildActionMask = 2147483647;
			files = (
				3DDADFE11FEBC7250074EEAB /* CoreLocation.framework in Frameworks */,
				642158D79BC0053B3486D3DE /* Pods_Task.framework in Frameworks */,
			);
			runOnlyForDeploymentPostprocessing = 0;
		};
/* End PBXFrameworksBuildPhase section */

/* Begin PBXGroup section */
		3DA6978F1FEBACED0016DE1E = {
			isa = PBXGroup;
			children = (
				3DA6979A1FEBACED0016DE1E /* Task */,
				3DA697991FEBACED0016DE1E /* Products */,
				83829EAF4ACC5C968D11B410 /* Pods */,
				4EC717C3D8FB14756532E12B /* Frameworks */,
			);
			sourceTree = "<group>";
		};
		3DA697991FEBACED0016DE1E /* Products */ = {
			isa = PBXGroup;
			children = (
				3DA697981FEBACED0016DE1E /* Task.app */,
			);
			name = Products;
			sourceTree = "<group>";
		};
		3DA6979A1FEBACED0016DE1E /* Task */ = {
			isa = PBXGroup;
			children = (
				3DA6979B1FEBACED0016DE1E /* AppDelegate.swift */,
				3DA6979D1FEBACED0016DE1E /* ViewController.swift */,
				3DA6979F1FEBACED0016DE1E /* Main.storyboard */,
				3DA697A21FEBACED0016DE1E /* Assets.xcassets */,
				3DA697A41FEBACED0016DE1E /* LaunchScreen.storyboard */,
				3DA697A71FEBACED0016DE1E /* Info.plist */,
			);
			path = Task;
			sourceTree = "<group>";
		};
		4EC717C3D8FB14756532E12B /* Frameworks */ = {
			isa = PBXGroup;
			children = (
				3DDADFE01FEBC7250074EEAB /* CoreLocation.framework */,
				FB090E90E20BC0E3C4122020 /* Pods_Task.framework */,
			);
			name = Frameworks;
			sourceTree = "<group>";
		};
		83829EAF4ACC5C968D11B410 /* Pods */ = {
			isa = PBXGroup;
			children = (
				5DB8511DC4A900235E03B715 /* Pods-Task.debug.xcconfig */,
				DD75757D2F6C242125B2E808 /* Pods-Task.release.xcconfig */,
			);
			name = Pods;
			sourceTree = "<group>";
		};
/* End PBXGroup section */

/* Begin PBXNativeTarget section */
		3DA697971FEBACED0016DE1E /* Task */ = {
			isa = PBXNativeTarget;
			buildConfigurationList = 3DA697AA1FEBACED0016DE1E /* Build configuration list for PBXNativeTarget "Task" */;
			buildPhases = (
				77163AE6A5CBC37E3864365F /* [CP] Check Pods Manifest.lock */,
				3DA697941FEBACED0016DE1E /* Sources */,
				3DA697951FEBACED0016DE1E /* Frameworks */,
				3DA697961FEBACED0016DE1E /* Resources */,
				3C1CBC92AC80AF3FD768B7E9 /* [CP] Embed Pods Frameworks */,
				5C1E9E0C956FD5AAC0E2E1DD /* [CP] Copy Pods Resources */,
			);
			buildRules = (
			);
			dependencies = (
			);
			name = Task;
			productName = Task;
			productReference = 3DA697981FEBACED0016DE1E /* Task.app */;
			productType = "com.apple.product-type.application";
		};
/* End PBXNativeTarget section */

/* Begin PBXProject section */
		3DA697901FEBACED0016DE1E /* Project object */ = {
			isa = PBXProject;
			attributes = {
				LastSwiftUpdateCheck = 0830;
				LastUpgradeCheck = 0830;
				ORGANIZATIONNAME = incendiary;
				TargetAttributes = {
					3DA697971FEBACED0016DE1E = {
						CreatedOnToolsVersion = 8.3.3;
						DevelopmentTeam = 8PFVF7GTA9;
						ProvisioningStyle = Automatic;
					};
				};
			};
			buildConfigurationList = 3DA697931FEBACED0016DE1E /* Build configuration list for PBXProject "Task" */;
			compatibilityVersion = "Xcode 3.2";
			developmentRegion = English;
			hasScannedForEncodings = 0;
			knownRegions = (
				en,
				Base,
			);
			mainGroup = 3DA6978F1FEBACED0016DE1E;
			productRefGroup = 3DA697991FEBACED0016DE1E /* Products */;
			projectDirPath = "";
			projectRoot = "";
			targets = (
				3DA697971FEBACED0016DE1E /* Task */,
			);
		};
/* End PBXProject section */

/* Begin PBXResourcesBuildPhase section */
		3DA697961FEBACED0016DE1E /* Resources */ = {
			isa = PBXResourcesBuildPhase;
			buildActionMask = 2147483647;
			files = (
				3DA697A61FEBACED0016DE1E /* LaunchScreen.storyboard in Resources */,
				3DA697A31FEBACED0016DE1E /* Assets.xcassets in Resources */,
				3DA697A11FEBACED0016DE1E /* Main.storyboard in Resources */,
			);
			runOnlyForDeploymentPostprocessing = 0;
		};
/* End PBXResourcesBuildPhase section */

/* Begin PBXShellScriptBuildPhase section */
		3C1CBC92AC80AF3FD768B7E9 /* [CP] Embed Pods Frameworks */ = {
			isa = PBXShellScriptBuildPhase;
			buildActionMask = 2147483647;
			files = (
			);
			inputPaths = (
			);
			name = "[CP] Embed Pods Frameworks";
			outputPaths = (
			);
			runOnlyForDeploymentPostprocessing = 0;
			shellPath = /bin/sh;
			shellScript = "\"${SRCROOT}/Pods/Target Support Files/Pods-Task/Pods-Task-frameworks.sh\"\n";
			showEnvVarsInLog = 0;
		};
		5C1E9E0C956FD5AAC0E2E1DD /* [CP] Copy Pods Resources */ = {
			isa = PBXShellScriptBuildPhase;
			buildActionMask = 2147483647;
			files = (
			);
			inputPaths = (
				"${SRCROOT}/Pods/Target Support Files/Pods-Task/Pods-Task-resources.sh",
				"${PODS_ROOT}/GoogleMaps/Maps/Frameworks/GoogleMaps.framework/Resources/GoogleMaps.bundle",
				"${PODS_ROOT}/GooglePlaces/Frameworks/GooglePlaces.framework/Resources/GooglePlaces.bundle",
			);
			name = "[CP] Copy Pods Resources";
			outputPaths = (
				"${TARGET_BUILD_DIR}/${UNLOCALIZED_RESOURCES_FOLDER_PATH}",
			);
			runOnlyForDeploymentPostprocessing = 0;
			shellPath = /bin/sh;
			shellScript = "\"${SRCROOT}/Pods/Target Support Files/Pods-Task/Pods-Task-resources.sh\"\n";
			showEnvVarsInLog = 0;
		};
		77163AE6A5CBC37E3864365F /* [CP] Check Pods Manifest.lock */ = {
			isa = PBXShellScriptBuildPhase;
			buildActionMask = 2147483647;
			files = (
			);
			inputPaths = (
				"${PODS_PODFILE_DIR_PATH}/Podfile.lock",
				"${PODS_ROOT}/Manifest.lock",
			);
			name = "[CP] Check Pods Manifest.lock";
			outputPaths = (
				"$(DERIVED_FILE_DIR)/Pods-Task-checkManifestLockResult.txt",
			);
			runOnlyForDeploymentPostprocessing = 0;
			shellPath = /bin/sh;
			shellScript = "diff \"${PODS_PODFILE_DIR_PATH}/Podfile.lock\" \"${PODS_ROOT}/Manifest.lock\" > /dev/null\nif [ $? != 0 ] ; then\n    # print error to STDERR\n    echo \"error: The sandbox is not in sync with the Podfile.lock. Run 'pod install' or update your CocoaPods installation.\" >&2\n    exit 1\nfi\n# This output is used by Xcode 'outputs' to avoid re-running this script phase.\necho \"SUCCESS\" > \"${SCRIPT_OUTPUT_FILE_0}\"\n";
			showEnvVarsInLog = 0;
		};
/* End PBXShellScriptBuildPhase section */

/* Begin PBXSourcesBuildPhase section */
		3DA697941FEBACED0016DE1E /* Sources */ = {
			isa = PBXSourcesBuildPhase;
			buildActionMask = 2147483647;
			files = (
				3DA6979E1FEBACED0016DE1E /* ViewController.swift in Sources */,
				3DA6979C1FEBACED0016DE1E /* AppDelegate.swift in Sources */,
			);
			runOnlyForDeploymentPostprocessing = 0;
		};
/* End PBXSourcesBuildPhase section */

/* Begin PBXVariantGroup section */
		3DA6979F1FEBACED0016DE1E /* Main.storyboard */ = {
			isa = PBXVariantGroup;
			children = (
				3DA697A01FEBACED0016DE1E /* Base */,
			);
			name = Main.storyboard;
			sourceTree = "<group>";
		};
		3DA697A41FEBACED0016DE1E /* LaunchScreen.storyboard */ = {
			isa = PBXVariantGroup;
			children = (
				3DA697A51FEBACED0016DE1E /* Base */,
			);
			name = LaunchScreen.storyboard;
			sourceTree = "<group>";
		};
/* End PBXVariantGroup section */

/* Begin XCBuildConfiguration section */
		3DA697A81FEBACED0016DE1E /* Debug */ = {
			isa = XCBuildConfiguration;
			buildSettings = {
				ALWAYS_SEARCH_USER_PATHS = NO;
				CLANG_ANALYZER_NONNULL = YES;
				CLANG_ANALYZER_NUMBER_OBJECT_CONVERSION = YES_AGGRESSIVE;
				CLANG_CXX_LANGUAGE_STANDARD = "gnu++0x";
				CLANG_CXX_LIBRARY = "libc++";
				CLANG_ENABLE_MODULES = YES;
				CLANG_ENABLE_OBJC_ARC = YES;
				CLANG_WARN_BOOL_CONVERSION = YES;
				CLANG_WARN_CONSTANT_CONVERSION = YES;
				CLANG_WARN_DIRECT_OBJC_ISA_USAGE = YES_ERROR;
				CLANG_WARN_DOCUMENTATION_COMMENTS = YES;
				CLANG_WARN_EMPTY_BODY = YES;
				CLANG_WARN_ENUM_CONVERSION = YES;
				CLANG_WARN_INFINITE_RECURSION = YES;
				CLANG_WARN_INT_CONVERSION = YES;
				CLANG_WARN_OBJC_ROOT_CLASS = YES_ERROR;
				CLANG_WARN_SUSPICIOUS_MOVE = YES;
				CLANG_WARN_UNREACHABLE_CODE = YES;
				CLANG_WARN__DUPLICATE_METHOD_MATCH = YES;
				"CODE_SIGN_IDENTITY[sdk=iphoneos*]" = "iPhone Developer";
				COPY_PHASE_STRIP = NO;
				DEBUG_INFORMATION_FORMAT = dwarf;
				ENABLE_STRICT_OBJC_MSGSEND = YES;
				ENABLE_TESTABILITY = YES;
				GCC_C_LANGUAGE_STANDARD = gnu99;
				GCC_DYNAMIC_NO_PIC = NO;
				GCC_NO_COMMON_BLOCKS = YES;
				GCC_OPTIMIZATION_LEVEL = 0;
				GCC_PREPROCESSOR_DEFINITIONS = (
					"DEBUG=1",
					"$(inherited)",
				);
				GCC_WARN_64_TO_32_BIT_CONVERSION = YES;
				GCC_WARN_ABOUT_RETURN_TYPE = YES_ERROR;
				GCC_WARN_UNDECLARED_SELECTOR = YES;
				GCC_WARN_UNINITIALIZED_AUTOS = YES_AGGRESSIVE;
				GCC_WARN_UNUSED_FUNCTION = YES;
				GCC_WARN_UNUSED_VARIABLE = YES;
				IPHONEOS_DEPLOYMENT_TARGET = 10.3;
				MTL_ENABLE_DEBUG_INFO = YES;
				ONLY_ACTIVE_ARCH = YES;
				SDKROOT = iphoneos;
				SWIFT_ACTIVE_COMPILATION_CONDITIONS = DEBUG;
				SWIFT_OPTIMIZATION_LEVEL = "-Onone";
				TARGETED_DEVICE_FAMILY = "1,2";
			};
			name = Debug;
		};
		3DA697A91FEBACED0016DE1E /* Release */ = {
			isa = XCBuildConfiguration;
			buildSettings = {
				ALWAYS_SEARCH_USER_PATHS = NO;
				CLANG_ANALYZER_NONNULL = YES;
				CLANG_ANALYZER_NUMBER_OBJECT_CONVERSION = YES_AGGRESSIVE;
				CLANG_CXX_LANGUAGE_STANDARD = "gnu++0x";
				CLANG_CXX_LIBRARY = "libc++";
				CLANG_ENABLE_MODULES = YES;
				CLANG_ENABLE_OBJC_ARC = YES;
				CLANG_WARN_BOOL_CONVERSION = YES;
				CLANG_WARN_CONSTANT_CONVERSION = YES;
				CLANG_WARN_DIRECT_OBJC_ISA_USAGE = YES_ERROR;
				CLANG_WARN_DOCUMENTATION_COMMENTS = YES;
				CLANG_WARN_EMPTY_BODY = YES;
				CLANG_WARN_ENUM_CONVERSION = YES;
				CLANG_WARN_INFINITE_RECURSION = YES;
				CLANG_WARN_INT_CONVERSION = YES;
				CLANG_WARN_OBJC_ROOT_CLASS = YES_ERROR;
				CLANG_WARN_SUSPICIOUS_MOVE = YES;
				CLANG_WARN_UNREACHABLE_CODE = YES;
				CLANG_WARN__DUPLICATE_METHOD_MATCH = YES;
				"CODE_SIGN_IDENTITY[sdk=iphoneos*]" = "iPhone Developer";
				COPY_PHASE_STRIP = NO;
				DEBUG_INFORMATION_FORMAT = "dwarf-with-dsym";
				ENABLE_NS_ASSERTIONS = NO;
				ENABLE_STRICT_OBJC_MSGSEND = YES;
				GCC_C_LANGUAGE_STANDARD = gnu99;
				GCC_NO_COMMON_BLOCKS = YES;
				GCC_WARN_64_TO_32_BIT_CONVERSION = YES;
				GCC_WARN_ABOUT_RETURN_TYPE = YES_ERROR;
				GCC_WARN_UNDECLARED_SELECTOR = YES;
				GCC_WARN_UNINITIALIZED_AUTOS = YES_AGGRESSIVE;
				GCC_WARN_UNUSED_FUNCTION = YES;
				GCC_WARN_UNUSED_VARIABLE = YES;
				IPHONEOS_DEPLOYMENT_TARGET = 10.3;
				MTL_ENABLE_DEBUG_INFO = NO;
				SDKROOT = iphoneos;
				SWIFT_OPTIMIZATION_LEVEL = "-Owholemodule";
				TARGETED_DEVICE_FAMILY = "1,2";
				VALIDATE_PRODUCT = YES;
			};
			name = Release;
		};
		3DA697AB1FEBACED0016DE1E /* Debug */ = {
			isa = XCBuildConfiguration;
			baseConfigurationReference = 5DB8511DC4A900235E03B715 /* Pods-Task.debug.xcconfig */;
			buildSettings = {
				ASSETCATALOG_COMPILER_APPICON_NAME = AppIcon;
				DEVELOPMENT_TEAM = 8PFVF7GTA9;
				INFOPLIST_FILE = Task/Info.plist;
				LD_RUNPATH_SEARCH_PATHS = "$(inherited) @executable_path/Frameworks";
				PRODUCT_BUNDLE_IDENTIFIER = com.incendiary.Task;
				PRODUCT_NAME = "$(TARGET_NAME)";
				SWIFT_VERSION = 3.0;
			};
			name = Debug;
		};
		3DA697AC1FEBACED0016DE1E /* Release */ = {
			isa = XCBuildConfiguration;
			baseConfigurationReference = DD75757D2F6C242125B2E808 /* Pods-Task.release.xcconfig */;
			buildSettings = {
				ASSETCATALOG_COMPILER_APPICON_NAME = AppIcon;
				DEVELOPMENT_TEAM = 8PFVF7GTA9;
				INFOPLIST_FILE = Task/Info.plist;
				LD_RUNPATH_SEARCH_PATHS = "$(inherited) @executable_path/Frameworks";
				PRODUCT_BUNDLE_IDENTIFIER = com.incendiary.Task;
				PRODUCT_NAME = "$(TARGET_NAME)";
				SWIFT_VERSION = 3.0;
			};
			name = Release;
		};
/* End XCBuildConfiguration section */

/* Begin XCConfigurationList section */
		3DA697931FEBACED0016DE1E /* Build configuration list for PBXProject "Task" */ = {
			isa = XCConfigurationList;
			buildConfigurations = (
				3DA697A81FEBACED0016DE1E /* Debug */,
				3DA697A91FEBACED0016DE1E /* Release */,
			);
			defaultConfigurationIsVisible = 0;
			defaultConfigurationName = Release;
		};
		3DA697AA1FEBACED0016DE1E /* Build configuration list for PBXNativeTarget "Task" */ = {
			isa = XCConfigurationList;
			buildConfigurations = (
				3DA697AB1FEBACED0016DE1E /* Debug */,
				3DA697AC1FEBACED0016DE1E /* Release */,
			);
			defaultConfigurationIsVisible = 0;
			defaultConfigurationName = Release;
		};
/* End XCConfigurationList section */
	};
	rootObject = 3DA697901FEBACED0016DE1E /* Project object */;
}
